
Microsoft Visual Studio Solution File, Format Version 12.00
# Visual Studio Version 16
VisualStudioVersion = 16.0.29709.97
MinimumVisualStudioVersion = 10.0.40219.1
Project("{FAE04EC0-301F-11D3-BF4B-00C04F79EFBC}") = "SisHair.Presentation.Web.MVC.Old", "SisHair.Presentation.Web.MVC.Old\SisHair.Presentation.Web.MVC.Old.csproj", "{39E983C5-FD17-4937-A10F-CC5B742386F9}"
EndProject
Project("{9A19103F-16F7-4668-BE54-9A1E7A4F7556}") = "SisHair.FuncionarioContext.Application", "SisHair.FuncionarioContext.Application\SisHair.FuncionarioContext.Application.csproj", "{1D9C0974-7DC7-41FC-B2DF-97CF38800C93}"
EndProject
Project("{9A19103F-16F7-4668-BE54-9A1E7A4F7556}") = "SisHair.FuncionarioContext.Domain", "SisHair.FuncionarioContext.Domain\SisHair.FuncionarioContext.Domain.csproj", "{5F1BA6F7-1CAE-4A1B-9F3B-08045170D395}"
EndProject
Project("{9A19103F-16F7-4668-BE54-9A1E7A4F7556}") = "SisHair.FuncionarioContext.Tests", "SisHair.FuncionarioContext.Tests\SisHair.FuncionarioContext.Tests.csproj", "{CEC9586B-619C-4A54-9D98-22E6FCBBA0AF}"
EndProject
Project("{9A19103F-16F7-4668-BE54-9A1E7A4F7556}") = "SisHair.Presentation.Web.MVC", "SisHair.Presentation.Web.MVC\SisHair.Presentation.Web.MVC.csproj", "{4FC9B087-F145-4C18-B274-4CED353F6B15}"
EndProject
Project("{9A19103F-16F7-4668-BE54-9A1E7A4F7556}") = "SisHair.FuncionarioContext.Infra.Data", "SisHair.FuncionarioContext.Infra.Data\SisHair.FuncionarioContext.Infra.Data.csproj", "{6C2CD715-BA5D-45E1-BF57-7251FB5A0808}"
EndProject
Project("{2150E333-8FDC-42A3-9474-1A3956D46DE8}") = "Presentation", "Presentation", "{95C7A2B9-F211-40E4-B584-D75083BC71EE}"
EndProject
Project("{2150E333-8FDC-42A3-9474-1A3956D46DE8}") = "CoreContext", "CoreContext", "{A00C4A15-74CB-4506-B8EC-E82264165337}"
EndProject
Project("{2150E333-8FDC-42A3-9474-1A3956D46DE8}") = "FuncionarioContext", "FuncionarioContext", "{5B8E8F16-BB96-4D52-A715-1C27365D7C61}"
EndProject
Project("{9A19103F-16F7-4668-BE54-9A1E7A4F7556}") = "SisHair.CoreContext", "SisHair.CoreContext\SisHair.CoreContext.csproj", "{1F693812-FE06-48D4-B01A-D106EB0685F5}"
EndProject
Global
	GlobalSection(SolutionConfigurationPlatforms) = preSolution
		Debug|Any CPU = Debug|Any CPU
		Release|Any CPU = Release|Any CPU
	EndGlobalSection
	GlobalSection(ProjectConfigurationPlatforms) = postSolution
		{39E983C5-FD17-4937-A10F-CC5B742386F9}.Debug|Any CPU.ActiveCfg = Debug|Any CPU
		{39E983C5-FD17-4937-A10F-CC5B742386F9}.Debug|Any CPU.Build.0 = Debug|Any CPU
		{39E983C5-FD17-4937-A10F-CC5B742386F9}.Release|Any CPU.ActiveCfg = Release|Any CPU
		{39E983C5-FD17-4937-A10F-CC5B742386F9}.Release|Any CPU.Build.0 = Release|Any CPU
		{1D9C0974-7DC7-41FC-B2DF-97CF38800C93}.Debug|Any CPU.ActiveCfg = Debug|Any CPU
		{1D9C0974-7DC7-41FC-B2DF-97CF38800C93}.Debug|Any CPU.Build.0 = Debug|Any CPU
		{1D9C0974-7DC7-41FC-B2DF-97CF38800C93}.Release|Any CPU.ActiveCfg = Release|Any CPU
		{1D9C0974-7DC7-41FC-B2DF-97CF38800C93}.Release|Any CPU.Build.0 = Release|Any CPU
		{5F1BA6F7-1CAE-4A1B-9F3B-08045170D395}.Debug|Any CPU.ActiveCfg = Debug|Any CPU
		{5F1BA6F7-1CAE-4A1B-9F3B-08045170D395}.Debug|Any CPU.Build.0 = Debug|Any CPU
		{5F1BA6F7-1CAE-4A1B-9F3B-08045170D395}.Release|Any CPU.ActiveCfg = Release|Any CPU
		{5F1BA6F7-1CAE-4A1B-9F3B-08045170D395}.Release|Any CPU.Build.0 = Release|Any CPU
		{CEC9586B-619C-4A54-9D98-22E6FCBBA0AF}.Debug|Any CPU.ActiveCfg = Debug|Any CPU
		{CEC9586B-619C-4A54-9D98-22E6FCBBA0AF}.Debug|Any CPU.Build.0 = Debug|Any CPU
		{CEC9586B-619C-4A54-9D98-22E6FCBBA0AF}.Release|Any CPU.ActiveCfg = Release|Any CPU
		{CEC9586B-619C-4A54-9D98-22E6FCBBA0AF}.Release|Any CPU.Build.0 = Release|Any CPU
		{4FC9B087-F145-4C18-B274-4CED353F6B15}.Debug|Any CPU.ActiveCfg = Debug|Any CPU
		{4FC9B087-F145-4C18-B274-4CED353F6B15}.Debug|Any CPU.Build.0 = Debug|Any CPU
		{4FC9B087-F145-4C18-B274-4CED353F6B15}.Release|Any CPU.ActiveCfg = Release|Any CPU
		{4FC9B087-F145-4C18-B274-4CED353F6B15}.Release|Any CPU.Build.0 = Release|Any CPU
		{6C2CD715-BA5D-45E1-BF57-7251FB5A0808}.Debug|Any CPU.ActiveCfg = Debug|Any CPU
		{6C2CD715-BA5D-45E1-BF57-7251FB5A0808}.Debug|Any CPU.Build.0 = Debug|Any CPU
		{6C2CD715-BA5D-45E1-BF57-7251FB5A0808}.Release|Any CPU.ActiveCfg = Release|Any CPU
		{6C2CD715-BA5D-45E1-BF57-7251FB5A0808}.Release|Any CPU.Build.0 = Release|Any CPU
		{1F693812-FE06-48D4-B01A-D106EB0685F5}.Debug|Any CPU.ActiveCfg = Debug|Any CPU
		{1F693812-FE06-48D4-B01A-D106EB0685F5}.Debug|Any CPU.Build.0 = Debug|Any CPU
		{1F693812-FE06-48D4-B01A-D106EB0685F5}.Release|Any CPU.ActiveCfg = Release|Any CPU
		{1F693812-FE06-48D4-B01A-D106EB0685F5}.Release|Any CPU.Build.0 = Release|Any CPU
	EndGlobalSection
	GlobalSection(SolutionProperties) = preSolution
		HideSolutionNode = FALSE
	EndGlobalSection
	GlobalSection(NestedProjects) = preSolution
		{39E983C5-FD17-4937-A10F-CC5B742386F9} = {95C7A2B9-F211-40E4-B584-D75083BC71EE}
		{1D9C0974-7DC7-41FC-B2DF-97CF38800C93} = {5B8E8F16-BB96-4D52-A715-1C27365D7C61}
		{5F1BA6F7-1CAE-4A1B-9F3B-08045170D395} = {5B8E8F16-BB96-4D52-A715-1C27365D7C61}
		{CEC9586B-619C-4A54-9D98-22E6FCBBA0AF} = {5B8E8F16-BB96-4D52-A715-1C27365D7C61}
		{4FC9B087-F145-4C18-B274-4CED353F6B15} = {95C7A2B9-F211-40E4-B584-D75083BC71EE}
		{6C2CD715-BA5D-45E1-BF57-7251FB5A0808} = {5B8E8F16-BB96-4D52-A715-1C27365D7C61}
		{1F693812-FE06-48D4-B01A-D106EB0685F5} = {A00C4A15-74CB-4506-B8EC-E82264165337}
	EndGlobalSection
	GlobalSection(ExtensibilityGlobals) = postSolution
		SolutionGuid = {B9736D60-541E-43D3-BE05-351F97593D27}
	EndGlobalSection
EndGlobal
